// !$*UTF8*$!
{
	archiveVersion = 1;
	classes = {
	};
	objectVersion = 50;
	objects = {

/* Begin PBXBuildFile section */
		069A557B2744753200F14865 /* RecipeInMealPlanView.swift in Sources */ = {isa = PBXBuildFile; fileRef = 069A557A2744753200F14865 /* RecipeInMealPlanView.swift */; };
		069A55832744758400F14865 /* WeekView.swift in Sources */ = {isa = PBXBuildFile; fileRef = 069A55822744758400F14865 /* WeekView.swift */; };
		069A55882744883400F14865 /* PantryContentView.swift in Sources */ = {isa = PBXBuildFile; fileRef = 069A55872744883400F14865 /* PantryContentView.swift */; };
		069A558D27448F9900F14865 /* RecipeSectionView.swift in Sources */ = {isa = PBXBuildFile; fileRef = 069A558C27448F9900F14865 /* RecipeSectionView.swift */; };
		06BC4C45273CC7D9007C016A /* RecipesModalView.swift in Sources */ = {isa = PBXBuildFile; fileRef = 06BC4C44273CC7D9007C016A /* RecipesModalView.swift */; };
		06BC4C54273CD1E9007C016A /* ImageLoader.swift in Sources */ = {isa = PBXBuildFile; fileRef = 06BC4C53273CD1E9007C016A /* ImageLoader.swift */; };
		06BC4C59273CD299007C016A /* AsyncImageView.swift in Sources */ = {isa = PBXBuildFile; fileRef = 06BC4C58273CD299007C016A /* AsyncImageView.swift */; };
		06EAD2BA273A0BBF004E1928 /* raddishApp.swift in Sources */ = {isa = PBXBuildFile; fileRef = 06EAD2B9273A0BBF004E1928 /* raddishApp.swift */; };
		06EAD2BE273A0BC0004E1928 /* Assets.xcassets in Resources */ = {isa = PBXBuildFile; fileRef = 06EAD2BD273A0BC0004E1928 /* Assets.xcassets */; };
		06EAD2C1273A0BC0004E1928 /* Preview Assets.xcassets in Resources */ = {isa = PBXBuildFile; fileRef = 06EAD2C0273A0BC0004E1928 /* Preview Assets.xcassets */; };
		06EAD2C3273A0BC0004E1928 /* Persistence.swift in Sources */ = {isa = PBXBuildFile; fileRef = 06EAD2C2273A0BC0004E1928 /* Persistence.swift */; };
		06EAD2C6273A0BC0004E1928 /* raddish.xcdatamodeld in Sources */ = {isa = PBXBuildFile; fileRef = 06EAD2C4273A0BC0004E1928 /* raddish.xcdatamodeld */; };
		06EAD2D1273A0BC0004E1928 /* raddishTests.swift in Sources */ = {isa = PBXBuildFile; fileRef = 06EAD2D0273A0BC0004E1928 /* raddishTests.swift */; };
		06EAD2DC273A0BC0004E1928 /* raddishUITests.swift in Sources */ = {isa = PBXBuildFile; fileRef = 06EAD2DB273A0BC0004E1928 /* raddishUITests.swift */; };
		06EAD2F2273A0C55004E1928 /* Meal.swift in Sources */ = {isa = PBXBuildFile; fileRef = 06EAD2F1273A0C55004E1928 /* Meal.swift */; };
		06EAD2FA273A0C68004E1928 /* MealPlanContentView.swift in Sources */ = {isa = PBXBuildFile; fileRef = 06EAD2F9273A0C68004E1928 /* MealPlanContentView.swift */; };
		06EAD2FF273A0CAB004E1928 /* SceneDelegate.swift in Sources */ = {isa = PBXBuildFile; fileRef = 06EAD2FE273A0CAB004E1928 /* SceneDelegate.swift */; };
		06EAD304273A0D2F004E1928 /* ViewModel.swift in Sources */ = {isa = PBXBuildFile; fileRef = 06EAD303273A0D2F004E1928 /* ViewModel.swift */; };
		06EAD309273A0D4A004E1928 /* AnyGestureRecognizer.swift in Sources */ = {isa = PBXBuildFile; fileRef = 06EAD308273A0D4A004E1928 /* AnyGestureRecognizer.swift */; };
		06EAD30E273A0D75004E1928 /* AppDelegate.swift in Sources */ = {isa = PBXBuildFile; fileRef = 06EAD30D273A0D75004E1928 /* AppDelegate.swift */; };
		06EAD313273A0DAB004E1928 /* Pantry.swift in Sources */ = {isa = PBXBuildFile; fileRef = 06EAD312273A0DAB004E1928 /* Pantry.swift */; };
		06EAD318273A0DCD004E1928 /* PantryItemRow.swift in Sources */ = {isa = PBXBuildFile; fileRef = 06EAD317273A0DCD004E1928 /* PantryItemRow.swift */; };
		06EAD31D273A0DE2004E1928 /* AddPantryItem.swift in Sources */ = {isa = PBXBuildFile; fileRef = 06EAD31C273A0DE2004E1928 /* AddPantryItem.swift */; };
		06EAD322273A0DFA004E1928 /* ContentView.swift in Sources */ = {isa = PBXBuildFile; fileRef = 06EAD321273A0DFA004E1928 /* ContentView.swift */; };
		06EAD327273A0E0C004E1928 /* PantryItemDetail.swift in Sources */ = {isa = PBXBuildFile; fileRef = 06EAD326273A0E0C004E1928 /* PantryItemDetail.swift */; };
		06EAD32C273A0E28004E1928 /* RecipesView.swift in Sources */ = {isa = PBXBuildFile; fileRef = 06EAD32B273A0E28004E1928 /* RecipesView.swift */; };
		06EAD331273A0E3E004E1928 /* Recipe.swift in Sources */ = {isa = PBXBuildFile; fileRef = 06EAD330273A0E3E004E1928 /* Recipe.swift */; };
		06EAD336273A0E4C004E1928 /* RecipeDetailsView.swift in Sources */ = {isa = PBXBuildFile; fileRef = 06EAD335273A0E4C004E1928 /* RecipeDetailsView.swift */; };
		F3C09CD827432E87002B91BB /* MealDetailsView.swift in Sources */ = {isa = PBXBuildFile; fileRef = F3C09CD727432E87002B91BB /* MealDetailsView.swift */; };
/* End PBXBuildFile section */

/* Begin PBXContainerItemProxy section */
		06EAD2CD273A0BC0004E1928 /* PBXContainerItemProxy */ = {
			isa = PBXContainerItemProxy;
			containerPortal = 06EAD2AE273A0BBF004E1928 /* Project object */;
			proxyType = 1;
			remoteGlobalIDString = 06EAD2B5273A0BBF004E1928;
			remoteInfo = raddish;
		};
		06EAD2D8273A0BC0004E1928 /* PBXContainerItemProxy */ = {
			isa = PBXContainerItemProxy;
			containerPortal = 06EAD2AE273A0BBF004E1928 /* Project object */;
			proxyType = 1;
			remoteGlobalIDString = 06EAD2B5273A0BBF004E1928;
			remoteInfo = raddish;
		};
/* End PBXContainerItemProxy section */

/* Begin PBXFileReference section */
		069A557A2744753200F14865 /* RecipeInMealPlanView.swift */ = {isa = PBXFileReference; fileEncoding = 4; lastKnownFileType = sourcecode.swift; path = RecipeInMealPlanView.swift; sourceTree = "<group>"; };
		069A55822744758400F14865 /* WeekView.swift */ = {isa = PBXFileReference; lastKnownFileType = sourcecode.swift; path = WeekView.swift; sourceTree = "<group>"; };
		069A55872744883400F14865 /* PantryContentView.swift */ = {isa = PBXFileReference; lastKnownFileType = sourcecode.swift; path = PantryContentView.swift; sourceTree = "<group>"; };
		069A558C27448F9900F14865 /* RecipeSectionView.swift */ = {isa = PBXFileReference; lastKnownFileType = sourcecode.swift; path = RecipeSectionView.swift; sourceTree = "<group>"; };
		06BC4C44273CC7D9007C016A /* RecipesModalView.swift */ = {isa = PBXFileReference; lastKnownFileType = sourcecode.swift; path = RecipesModalView.swift; sourceTree = "<group>"; };
		06BC4C53273CD1E9007C016A /* ImageLoader.swift */ = {isa = PBXFileReference; lastKnownFileType = sourcecode.swift; path = ImageLoader.swift; sourceTree = "<group>"; };
		06BC4C58273CD299007C016A /* AsyncImageView.swift */ = {isa = PBXFileReference; lastKnownFileType = sourcecode.swift; path = AsyncImageView.swift; sourceTree = "<group>"; };
		06EAD2B6273A0BBF004E1928 /* raddish.app */ = {isa = PBXFileReference; explicitFileType = wrapper.application; includeInIndex = 0; path = raddish.app; sourceTree = BUILT_PRODUCTS_DIR; };
		06EAD2B9273A0BBF004E1928 /* raddishApp.swift */ = {isa = PBXFileReference; lastKnownFileType = sourcecode.swift; path = raddishApp.swift; sourceTree = "<group>"; };
		06EAD2BD273A0BC0004E1928 /* Assets.xcassets */ = {isa = PBXFileReference; lastKnownFileType = folder.assetcatalog; path = Assets.xcassets; sourceTree = "<group>"; };
		06EAD2C0273A0BC0004E1928 /* Preview Assets.xcassets */ = {isa = PBXFileReference; lastKnownFileType = folder.assetcatalog; path = "Preview Assets.xcassets"; sourceTree = "<group>"; };
		06EAD2C2273A0BC0004E1928 /* Persistence.swift */ = {isa = PBXFileReference; lastKnownFileType = sourcecode.swift; path = Persistence.swift; sourceTree = "<group>"; };
		06EAD2C5273A0BC0004E1928 /* raddish.xcdatamodel */ = {isa = PBXFileReference; lastKnownFileType = wrapper.xcdatamodel; path = raddish.xcdatamodel; sourceTree = "<group>"; };
		06EAD2C7273A0BC0004E1928 /* Info.plist */ = {isa = PBXFileReference; lastKnownFileType = text.plist.xml; path = Info.plist; sourceTree = "<group>"; };
		06EAD2CC273A0BC0004E1928 /* raddishTests.xctest */ = {isa = PBXFileReference; explicitFileType = wrapper.cfbundle; includeInIndex = 0; path = raddishTests.xctest; sourceTree = BUILT_PRODUCTS_DIR; };
		06EAD2D0273A0BC0004E1928 /* raddishTests.swift */ = {isa = PBXFileReference; lastKnownFileType = sourcecode.swift; path = raddishTests.swift; sourceTree = "<group>"; };
		06EAD2D2273A0BC0004E1928 /* Info.plist */ = {isa = PBXFileReference; lastKnownFileType = text.plist.xml; path = Info.plist; sourceTree = "<group>"; };
		06EAD2D7273A0BC0004E1928 /* raddishUITests.xctest */ = {isa = PBXFileReference; explicitFileType = wrapper.cfbundle; includeInIndex = 0; path = raddishUITests.xctest; sourceTree = BUILT_PRODUCTS_DIR; };
		06EAD2DB273A0BC0004E1928 /* raddishUITests.swift */ = {isa = PBXFileReference; lastKnownFileType = sourcecode.swift; path = raddishUITests.swift; sourceTree = "<group>"; };
		06EAD2DD273A0BC0004E1928 /* Info.plist */ = {isa = PBXFileReference; lastKnownFileType = text.plist.xml; path = Info.plist; sourceTree = "<group>"; };
		06EAD2F1273A0C55004E1928 /* Meal.swift */ = {isa = PBXFileReference; lastKnownFileType = sourcecode.swift; path = Meal.swift; sourceTree = "<group>"; };
		06EAD2F9273A0C68004E1928 /* MealPlanContentView.swift */ = {isa = PBXFileReference; lastKnownFileType = sourcecode.swift; path = MealPlanContentView.swift; sourceTree = "<group>"; };
		06EAD2FE273A0CAB004E1928 /* SceneDelegate.swift */ = {isa = PBXFileReference; lastKnownFileType = sourcecode.swift; path = SceneDelegate.swift; sourceTree = "<group>"; };
		06EAD303273A0D2F004E1928 /* ViewModel.swift */ = {isa = PBXFileReference; lastKnownFileType = sourcecode.swift; path = ViewModel.swift; sourceTree = "<group>"; };
		06EAD308273A0D4A004E1928 /* AnyGestureRecognizer.swift */ = {isa = PBXFileReference; lastKnownFileType = sourcecode.swift; path = AnyGestureRecognizer.swift; sourceTree = "<group>"; };
		06EAD30D273A0D75004E1928 /* AppDelegate.swift */ = {isa = PBXFileReference; lastKnownFileType = sourcecode.swift; path = AppDelegate.swift; sourceTree = "<group>"; };
		06EAD312273A0DAB004E1928 /* Pantry.swift */ = {isa = PBXFileReference; lastKnownFileType = sourcecode.swift; path = Pantry.swift; sourceTree = "<group>"; };
		06EAD317273A0DCD004E1928 /* PantryItemRow.swift */ = {isa = PBXFileReference; lastKnownFileType = sourcecode.swift; path = PantryItemRow.swift; sourceTree = "<group>"; };
		06EAD31C273A0DE2004E1928 /* AddPantryItem.swift */ = {isa = PBXFileReference; lastKnownFileType = sourcecode.swift; path = AddPantryItem.swift; sourceTree = "<group>"; };
		06EAD321273A0DFA004E1928 /* ContentView.swift */ = {isa = PBXFileReference; lastKnownFileType = sourcecode.swift; path = ContentView.swift; sourceTree = "<group>"; };
		06EAD326273A0E0C004E1928 /* PantryItemDetail.swift */ = {isa = PBXFileReference; lastKnownFileType = sourcecode.swift; path = PantryItemDetail.swift; sourceTree = "<group>"; };
		06EAD32B273A0E28004E1928 /* RecipesView.swift */ = {isa = PBXFileReference; lastKnownFileType = sourcecode.swift; path = RecipesView.swift; sourceTree = "<group>"; };
		06EAD330273A0E3E004E1928 /* Recipe.swift */ = {isa = PBXFileReference; lastKnownFileType = sourcecode.swift; path = Recipe.swift; sourceTree = "<group>"; };
		06EAD335273A0E4C004E1928 /* RecipeDetailsView.swift */ = {isa = PBXFileReference; lastKnownFileType = sourcecode.swift; path = RecipeDetailsView.swift; sourceTree = "<group>"; };
		F3C09CD727432E87002B91BB /* MealDetailsView.swift */ = {isa = PBXFileReference; lastKnownFileType = sourcecode.swift; path = MealDetailsView.swift; sourceTree = "<group>"; };
/* End PBXFileReference section */

/* Begin PBXFrameworksBuildPhase section */
		06EAD2B3273A0BBF004E1928 /* Frameworks */ = {
			isa = PBXFrameworksBuildPhase;
			buildActionMask = 2147483647;
			files = (
			);
			runOnlyForDeploymentPostprocessing = 0;
		};
		06EAD2C9273A0BC0004E1928 /* Frameworks */ = {
			isa = PBXFrameworksBuildPhase;
			buildActionMask = 2147483647;
			files = (
			);
			runOnlyForDeploymentPostprocessing = 0;
		};
		06EAD2D4273A0BC0004E1928 /* Frameworks */ = {
			isa = PBXFrameworksBuildPhase;
			buildActionMask = 2147483647;
			files = (
			);
			runOnlyForDeploymentPostprocessing = 0;
		};
/* End PBXFrameworksBuildPhase section */

/* Begin PBXGroup section */
		06EAD2AD273A0BBF004E1928 = {
			isa = PBXGroup;
			children = (
				06EAD2B8273A0BBF004E1928 /* raddish */,
				06EAD2CF273A0BC0004E1928 /* raddishTests */,
				06EAD2DA273A0BC0004E1928 /* raddishUITests */,
				06EAD2B7273A0BBF004E1928 /* Products */,
			);
			sourceTree = "<group>";
		};
		06EAD2B7273A0BBF004E1928 /* Products */ = {
			isa = PBXGroup;
			children = (
				06EAD2B6273A0BBF004E1928 /* raddish.app */,
				06EAD2CC273A0BC0004E1928 /* raddishTests.xctest */,
				06EAD2D7273A0BC0004E1928 /* raddishUITests.xctest */,
			);
			name = Products;
			sourceTree = "<group>";
		};
		06EAD2B8273A0BBF004E1928 /* raddish */ = {
			isa = PBXGroup;
			children = (
				06EAD2C7273A0BC0004E1928 /* Info.plist */,
				06EAD2F0273A0C2C004E1928 /* Meal Plan */,
				06EAD2EF273A0BDE004E1928 /* Resources */,
				06EAD2ED273A0BCE004E1928 /* Recipes */,
				06EAD2EC273A0BC8004E1928 /* Pantry */,
				06EAD2BF273A0BC0004E1928 /* Preview Content */,
				06BC4C53273CD1E9007C016A /* ImageLoader.swift */,
				06BC4C58273CD299007C016A /* AsyncImageView.swift */,
			);
			path = raddish;
			sourceTree = "<group>";
		};
		06EAD2BF273A0BC0004E1928 /* Preview Content */ = {
			isa = PBXGroup;
			children = (
				06EAD2C0273A0BC0004E1928 /* Preview Assets.xcassets */,
			);
			path = "Preview Content";
			sourceTree = "<group>";
		};
		06EAD2CF273A0BC0004E1928 /* raddishTests */ = {
			isa = PBXGroup;
			children = (
				06EAD2D0273A0BC0004E1928 /* raddishTests.swift */,
				06EAD2D2273A0BC0004E1928 /* Info.plist */,
			);
			path = raddishTests;
			sourceTree = "<group>";
		};
		06EAD2DA273A0BC0004E1928 /* raddishUITests */ = {
			isa = PBXGroup;
			children = (
				06EAD2DB273A0BC0004E1928 /* raddishUITests.swift */,
				06EAD2DD273A0BC0004E1928 /* Info.plist */,
			);
			path = raddishUITests;
			sourceTree = "<group>";
		};
		06EAD2EC273A0BC8004E1928 /* Pantry */ = {
			isa = PBXGroup;
			children = (
				06EAD312273A0DAB004E1928 /* Pantry.swift */,
				06EAD317273A0DCD004E1928 /* PantryItemRow.swift */,
				06EAD31C273A0DE2004E1928 /* AddPantryItem.swift */,
				06EAD326273A0E0C004E1928 /* PantryItemDetail.swift */,
				069A55872744883400F14865 /* PantryContentView.swift */,
			);
			path = Pantry;
			sourceTree = "<group>";
		};
		06EAD2ED273A0BCE004E1928 /* Recipes */ = {
			isa = PBXGroup;
			children = (
				06EAD32B273A0E28004E1928 /* RecipesView.swift */,
				06EAD330273A0E3E004E1928 /* Recipe.swift */,
				06EAD335273A0E4C004E1928 /* RecipeDetailsView.swift */,
				06BC4C44273CC7D9007C016A /* RecipesModalView.swift */,
				069A558C27448F9900F14865 /* RecipeSectionView.swift */,
			);
			path = Recipes;
			sourceTree = "<group>";
		};
		06EAD2EF273A0BDE004E1928 /* Resources */ = {
			isa = PBXGroup;
			children = (
				06EAD2B9273A0BBF004E1928 /* raddishApp.swift */,
				06EAD2BD273A0BC0004E1928 /* Assets.xcassets */,
				06EAD2C2273A0BC0004E1928 /* Persistence.swift */,
				06EAD2C4273A0BC0004E1928 /* raddish.xcdatamodeld */,
				06EAD321273A0DFA004E1928 /* ContentView.swift */,
				06EAD2FE273A0CAB004E1928 /* SceneDelegate.swift */,
				06EAD303273A0D2F004E1928 /* ViewModel.swift */,
				06EAD308273A0D4A004E1928 /* AnyGestureRecognizer.swift */,
				06EAD30D273A0D75004E1928 /* AppDelegate.swift */,
			);
			path = Resources;
			sourceTree = "<group>";
		};
		06EAD2F0273A0C2C004E1928 /* Meal Plan */ = {
			isa = PBXGroup;
			children = (
				06EAD2F1273A0C55004E1928 /* Meal.swift */,
				069A557A2744753200F14865 /* RecipeInMealPlanView.swift */,
				06EAD2F9273A0C68004E1928 /* MealPlanContentView.swift */,
				069A55822744758400F14865 /* WeekView.swift */,
			);
			path = "Meal Plan";
			sourceTree = "<group>";
		};
/* End PBXGroup section */

/* Begin PBXNativeTarget section */
		06EAD2B5273A0BBF004E1928 /* raddish */ = {
			isa = PBXNativeTarget;
			buildConfigurationList = 06EAD2E0273A0BC0004E1928 /* Build configuration list for PBXNativeTarget "raddish" */;
			buildPhases = (
				06EAD2B2273A0BBF004E1928 /* Sources */,
				06EAD2B3273A0BBF004E1928 /* Frameworks */,
				06EAD2B4273A0BBF004E1928 /* Resources */,
			);
			buildRules = (
			);
			dependencies = (
			);
			name = raddish;
			productName = raddish;
			productReference = 06EAD2B6273A0BBF004E1928 /* raddish.app */;
			productType = "com.apple.product-type.application";
		};
		06EAD2CB273A0BC0004E1928 /* raddishTests */ = {
			isa = PBXNativeTarget;
			buildConfigurationList = 06EAD2E3273A0BC0004E1928 /* Build configuration list for PBXNativeTarget "raddishTests" */;
			buildPhases = (
				06EAD2C8273A0BC0004E1928 /* Sources */,
				06EAD2C9273A0BC0004E1928 /* Frameworks */,
				06EAD2CA273A0BC0004E1928 /* Resources */,
			);
			buildRules = (
			);
			dependencies = (
				06EAD2CE273A0BC0004E1928 /* PBXTargetDependency */,
			);
			name = raddishTests;
			productName = raddishTests;
			productReference = 06EAD2CC273A0BC0004E1928 /* raddishTests.xctest */;
			productType = "com.apple.product-type.bundle.unit-test";
		};
		06EAD2D6273A0BC0004E1928 /* raddishUITests */ = {
			isa = PBXNativeTarget;
			buildConfigurationList = 06EAD2E6273A0BC0004E1928 /* Build configuration list for PBXNativeTarget "raddishUITests" */;
			buildPhases = (
				06EAD2D3273A0BC0004E1928 /* Sources */,
				06EAD2D4273A0BC0004E1928 /* Frameworks */,
				06EAD2D5273A0BC0004E1928 /* Resources */,
			);
			buildRules = (
			);
			dependencies = (
				06EAD2D9273A0BC0004E1928 /* PBXTargetDependency */,
			);
			name = raddishUITests;
			productName = raddishUITests;
			productReference = 06EAD2D7273A0BC0004E1928 /* raddishUITests.xctest */;
			productType = "com.apple.product-type.bundle.ui-testing";
		};
/* End PBXNativeTarget section */

/* Begin PBXProject section */
		06EAD2AE273A0BBF004E1928 /* Project object */ = {
			isa = PBXProject;
			attributes = {
				LastSwiftUpdateCheck = 1240;
				LastUpgradeCheck = 1240;
				TargetAttributes = {
					06EAD2B5273A0BBF004E1928 = {
						CreatedOnToolsVersion = 12.4;
					};
					06EAD2CB273A0BC0004E1928 = {
						CreatedOnToolsVersion = 12.4;
						TestTargetID = 06EAD2B5273A0BBF004E1928;
					};
					06EAD2D6273A0BC0004E1928 = {
						CreatedOnToolsVersion = 12.4;
						TestTargetID = 06EAD2B5273A0BBF004E1928;
					};
				};
			};
			buildConfigurationList = 06EAD2B1273A0BBF004E1928 /* Build configuration list for PBXProject "raddish" */;
			compatibilityVersion = "Xcode 9.3";
			developmentRegion = en;
			hasScannedForEncodings = 0;
			knownRegions = (
				en,
				Base,
			);
			mainGroup = 06EAD2AD273A0BBF004E1928;
			productRefGroup = 06EAD2B7273A0BBF004E1928 /* Products */;
			projectDirPath = "";
			projectRoot = "";
			targets = (
				06EAD2B5273A0BBF004E1928 /* raddish */,
				06EAD2CB273A0BC0004E1928 /* raddishTests */,
				06EAD2D6273A0BC0004E1928 /* raddishUITests */,
			);
		};
/* End PBXProject section */

/* Begin PBXResourcesBuildPhase section */
		06EAD2B4273A0BBF004E1928 /* Resources */ = {
			isa = PBXResourcesBuildPhase;
			buildActionMask = 2147483647;
			files = (
				06EAD2C1273A0BC0004E1928 /* Preview Assets.xcassets in Resources */,
				06EAD2BE273A0BC0004E1928 /* Assets.xcassets in Resources */,
			);
			runOnlyForDeploymentPostprocessing = 0;
		};
		06EAD2CA273A0BC0004E1928 /* Resources */ = {
			isa = PBXResourcesBuildPhase;
			buildActionMask = 2147483647;
			files = (
			);
			runOnlyForDeploymentPostprocessing = 0;
		};
		06EAD2D5273A0BC0004E1928 /* Resources */ = {
			isa = PBXResourcesBuildPhase;
			buildActionMask = 2147483647;
			files = (
			);
			runOnlyForDeploymentPostprocessing = 0;
		};
/* End PBXResourcesBuildPhase section */

/* Begin PBXSourcesBuildPhase section */
		06EAD2B2273A0BBF004E1928 /* Sources */ = {
			isa = PBXSourcesBuildPhase;
			buildActionMask = 2147483647;
			files = (
				06EAD2F2273A0C55004E1928 /* Meal.swift in Sources */,
				06EAD313273A0DAB004E1928 /* Pantry.swift in Sources */,
				06BC4C45273CC7D9007C016A /* RecipesModalView.swift in Sources */,
				06EAD32C273A0E28004E1928 /* RecipesView.swift in Sources */,
				06BC4C59273CD299007C016A /* AsyncImageView.swift in Sources */,
				069A55882744883400F14865 /* PantryContentView.swift in Sources */,
				06EAD322273A0DFA004E1928 /* ContentView.swift in Sources */,
				069A558D27448F9900F14865 /* RecipeSectionView.swift in Sources */,
				06EAD309273A0D4A004E1928 /* AnyGestureRecognizer.swift in Sources */,
				069A557B2744753200F14865 /* RecipeInMealPlanView.swift in Sources */,
				06EAD331273A0E3E004E1928 /* Recipe.swift in Sources */,
				F3C09CD827432E87002B91BB /* MealDetailsView.swift in Sources */,
				06EAD2FF273A0CAB004E1928 /* SceneDelegate.swift in Sources */,
				06EAD31D273A0DE2004E1928 /* AddPantryItem.swift in Sources */,
				06EAD2C3273A0BC0004E1928 /* Persistence.swift in Sources */,
				06EAD2BA273A0BBF004E1928 /* raddishApp.swift in Sources */,
				06EAD2FA273A0C68004E1928 /* MealPlanContentView.swift in Sources */,
				06EAD304273A0D2F004E1928 /* ViewModel.swift in Sources */,
				069A55832744758400F14865 /* WeekView.swift in Sources */,
				06BC4C54273CD1E9007C016A /* ImageLoader.swift in Sources */,
				06EAD336273A0E4C004E1928 /* RecipeDetailsView.swift in Sources */,
				06EAD327273A0E0C004E1928 /* PantryItemDetail.swift in Sources */,
				06EAD30E273A0D75004E1928 /* AppDelegate.swift in Sources */,
				06EAD2C6273A0BC0004E1928 /* raddish.xcdatamodeld in Sources */,
				06EAD318273A0DCD004E1928 /* PantryItemRow.swift in Sources */,
			);
			runOnlyForDeploymentPostprocessing = 0;
		};
		06EAD2C8273A0BC0004E1928 /* Sources */ = {
			isa = PBXSourcesBuildPhase;
			buildActionMask = 2147483647;
			files = (
				06EAD2D1273A0BC0004E1928 /* raddishTests.swift in Sources */,
			);
			runOnlyForDeploymentPostprocessing = 0;
		};
		06EAD2D3273A0BC0004E1928 /* Sources */ = {
			isa = PBXSourcesBuildPhase;
			buildActionMask = 2147483647;
			files = (
				06EAD2DC273A0BC0004E1928 /* raddishUITests.swift in Sources */,
			);
			runOnlyForDeploymentPostprocessing = 0;
		};
/* End PBXSourcesBuildPhase section */

/* Begin PBXTargetDependency section */
		06EAD2CE273A0BC0004E1928 /* PBXTargetDependency */ = {
			isa = PBXTargetDependency;
			target = 06EAD2B5273A0BBF004E1928 /* raddish */;
			targetProxy = 06EAD2CD273A0BC0004E1928 /* PBXContainerItemProxy */;
		};
		06EAD2D9273A0BC0004E1928 /* PBXTargetDependency */ = {
			isa = PBXTargetDependency;
			target = 06EAD2B5273A0BBF004E1928 /* raddish */;
			targetProxy = 06EAD2D8273A0BC0004E1928 /* PBXContainerItemProxy */;
		};
/* End PBXTargetDependency section */

/* Begin XCBuildConfiguration section */
		06EAD2DE273A0BC0004E1928 /* Debug */ = {
			isa = XCBuildConfiguration;
			buildSettings = {
				ALWAYS_SEARCH_USER_PATHS = NO;
				CLANG_ANALYZER_NONNULL = YES;
				CLANG_ANALYZER_NUMBER_OBJECT_CONVERSION = YES_AGGRESSIVE;
				CLANG_CXX_LANGUAGE_STANDARD = "gnu++14";
				CLANG_CXX_LIBRARY = "libc++";
				CLANG_ENABLE_MODULES = YES;
				CLANG_ENABLE_OBJC_ARC = YES;
				CLANG_ENABLE_OBJC_WEAK = YES;
				CLANG_WARN_BLOCK_CAPTURE_AUTORELEASING = YES;
				CLANG_WARN_BOOL_CONVERSION = YES;
				CLANG_WARN_COMMA = YES;
				CLANG_WARN_CONSTANT_CONVERSION = YES;
				CLANG_WARN_DEPRECATED_OBJC_IMPLEMENTATIONS = YES;
				CLANG_WARN_DIRECT_OBJC_ISA_USAGE = YES_ERROR;
				CLANG_WARN_DOCUMENTATION_COMMENTS = YES;
				CLANG_WARN_EMPTY_BODY = YES;
				CLANG_WARN_ENUM_CONVERSION = YES;
				CLANG_WARN_INFINITE_RECURSION = YES;
				CLANG_WARN_INT_CONVERSION = YES;
				CLANG_WARN_NON_LITERAL_NULL_CONVERSION = YES;
				CLANG_WARN_OBJC_IMPLICIT_RETAIN_SELF = YES;
				CLANG_WARN_OBJC_LITERAL_CONVERSION = YES;
				CLANG_WARN_OBJC_ROOT_CLASS = YES_ERROR;
				CLANG_WARN_QUOTED_INCLUDE_IN_FRAMEWORK_HEADER = YES;
				CLANG_WARN_RANGE_LOOP_ANALYSIS = YES;
				CLANG_WARN_STRICT_PROTOTYPES = YES;
				CLANG_WARN_SUSPICIOUS_MOVE = YES;
				CLANG_WARN_UNGUARDED_AVAILABILITY = YES_AGGRESSIVE;
				CLANG_WARN_UNREACHABLE_CODE = YES;
				CLANG_WARN__DUPLICATE_METHOD_MATCH = YES;
				COPY_PHASE_STRIP = NO;
				DEBUG_INFORMATION_FORMAT = dwarf;
				ENABLE_STRICT_OBJC_MSGSEND = YES;
				ENABLE_TESTABILITY = YES;
				GCC_C_LANGUAGE_STANDARD = gnu11;
				GCC_DYNAMIC_NO_PIC = NO;
				GCC_NO_COMMON_BLOCKS = YES;
				GCC_OPTIMIZATION_LEVEL = 0;
				GCC_PREPROCESSOR_DEFINITIONS = (
					"DEBUG=1",
					"$(inherited)",
				);
				GCC_WARN_64_TO_32_BIT_CONVERSION = YES;
				GCC_WARN_ABOUT_RETURN_TYPE = YES_ERROR;
				GCC_WARN_UNDECLARED_SELECTOR = YES;
				GCC_WARN_UNINITIALIZED_AUTOS = YES_AGGRESSIVE;
				GCC_WARN_UNUSED_FUNCTION = YES;
				GCC_WARN_UNUSED_VARIABLE = YES;
				IPHONEOS_DEPLOYMENT_TARGET = 14.4;
				MTL_ENABLE_DEBUG_INFO = INCLUDE_SOURCE;
				MTL_FAST_MATH = YES;
				ONLY_ACTIVE_ARCH = YES;
				SDKROOT = iphoneos;
				SWIFT_ACTIVE_COMPILATION_CONDITIONS = DEBUG;
				SWIFT_OPTIMIZATION_LEVEL = "-Onone";
			};
			name = Debug;
		};
		06EAD2DF273A0BC0004E1928 /* Release */ = {
			isa = XCBuildConfiguration;
			buildSettings = {
				ALWAYS_SEARCH_USER_PATHS = NO;
				CLANG_ANALYZER_NONNULL = YES;
				CLANG_ANALYZER_NUMBER_OBJECT_CONVERSION = YES_AGGRESSIVE;
				CLANG_CXX_LANGUAGE_STANDARD = "gnu++14";
				CLANG_CXX_LIBRARY = "libc++";
				CLANG_ENABLE_MODULES = YES;
				CLANG_ENABLE_OBJC_ARC = YES;
				CLANG_ENABLE_OBJC_WEAK = YES;
				CLANG_WARN_BLOCK_CAPTURE_AUTORELEASING = YES;
				CLANG_WARN_BOOL_CONVERSION = YES;
				CLANG_WARN_COMMA = YES;
				CLANG_WARN_CONSTANT_CONVERSION = YES;
				CLANG_WARN_DEPRECATED_OBJC_IMPLEMENTATIONS = YES;
				CLANG_WARN_DIRECT_OBJC_ISA_USAGE = YES_ERROR;
				CLANG_WARN_DOCUMENTATION_COMMENTS = YES;
				CLANG_WARN_EMPTY_BODY = YES;
				CLANG_WARN_ENUM_CONVERSION = YES;
				CLANG_WARN_INFINITE_RECURSION = YES;
				CLANG_WARN_INT_CONVERSION = YES;
				CLANG_WARN_NON_LITERAL_NULL_CONVERSION = YES;
				CLANG_WARN_OBJC_IMPLICIT_RETAIN_SELF = YES;
				CLANG_WARN_OBJC_LITERAL_CONVERSION = YES;
				CLANG_WARN_OBJC_ROOT_CLASS = YES_ERROR;
				CLANG_WARN_QUOTED_INCLUDE_IN_FRAMEWORK_HEADER = YES;
				CLANG_WARN_RANGE_LOOP_ANALYSIS = YES;
				CLANG_WARN_STRICT_PROTOTYPES = YES;
				CLANG_WARN_SUSPICIOUS_MOVE = YES;
				CLANG_WARN_UNGUARDED_AVAILABILITY = YES_AGGRESSIVE;
				CLANG_WARN_UNREACHABLE_CODE = YES;
				CLANG_WARN__DUPLICATE_METHOD_MATCH = YES;
				COPY_PHASE_STRIP = NO;
				DEBUG_INFORMATION_FORMAT = "dwarf-with-dsym";
				ENABLE_NS_ASSERTIONS = NO;
				ENABLE_STRICT_OBJC_MSGSEND = YES;
				GCC_C_LANGUAGE_STANDARD = gnu11;
				GCC_NO_COMMON_BLOCKS = YES;
				GCC_WARN_64_TO_32_BIT_CONVERSION = YES;
				GCC_WARN_ABOUT_RETURN_TYPE = YES_ERROR;
				GCC_WARN_UNDECLARED_SELECTOR = YES;
				GCC_WARN_UNINITIALIZED_AUTOS = YES_AGGRESSIVE;
				GCC_WARN_UNUSED_FUNCTION = YES;
				GCC_WARN_UNUSED_VARIABLE = YES;
				IPHONEOS_DEPLOYMENT_TARGET = 14.4;
				MTL_ENABLE_DEBUG_INFO = NO;
				MTL_FAST_MATH = YES;
				SDKROOT = iphoneos;
				SWIFT_COMPILATION_MODE = wholemodule;
				SWIFT_OPTIMIZATION_LEVEL = "-O";
				VALIDATE_PRODUCT = YES;
			};
			name = Release;
		};
		06EAD2E1273A0BC0004E1928 /* Debug */ = {
			isa = XCBuildConfiguration;
			buildSettings = {
				ASSETCATALOG_COMPILER_APPICON_NAME = AppIcon;
				ASSETCATALOG_COMPILER_GLOBAL_ACCENT_COLOR_NAME = AccentColor;
				CODE_SIGN_STYLE = Automatic;
				DEVELOPMENT_ASSET_PATHS = "\"raddish/Preview Content\"";
				ENABLE_PREVIEWS = YES;
				INFOPLIST_FILE = raddish/Info.plist;
				IPHONEOS_DEPLOYMENT_TARGET = 14.0;
				LD_RUNPATH_SEARCH_PATHS = (
					"$(inherited)",
					"@executable_path/Frameworks",
				);
				PRODUCT_BUNDLE_IDENTIFIER = com.miramookerjee.raddish;
				PRODUCT_NAME = "$(TARGET_NAME)";
				SWIFT_VERSION = 5.0;
				TARGETED_DEVICE_FAMILY = "1,2";
			};
			name = Debug;
		};
		06EAD2E2273A0BC0004E1928 /* Release */ = {
			isa = XCBuildConfiguration;
			buildSettings = {
				ASSETCATALOG_COMPILER_APPICON_NAME = AppIcon;
				ASSETCATALOG_COMPILER_GLOBAL_ACCENT_COLOR_NAME = AccentColor;
				CODE_SIGN_STYLE = Automatic;
				DEVELOPMENT_ASSET_PATHS = "\"raddish/Preview Content\"";
				ENABLE_PREVIEWS = YES;
				INFOPLIST_FILE = raddish/Info.plist;
				IPHONEOS_DEPLOYMENT_TARGET = 14.0;
				LD_RUNPATH_SEARCH_PATHS = (
					"$(inherited)",
					"@executable_path/Frameworks",
				);
				PRODUCT_BUNDLE_IDENTIFIER = com.miramookerjee.raddish;
				PRODUCT_NAME = "$(TARGET_NAME)";
				SWIFT_VERSION = 5.0;
				TARGETED_DEVICE_FAMILY = "1,2";
			};
			name = Release;
		};
		06EAD2E4273A0BC0004E1928 /* Debug */ = {
			isa = XCBuildConfiguration;
			buildSettings = {
				ALWAYS_EMBED_SWIFT_STANDARD_LIBRARIES = YES;
				BUNDLE_LOADER = "$(TEST_HOST)";
				CODE_SIGN_STYLE = Automatic;
				INFOPLIST_FILE = raddishTests/Info.plist;
				IPHONEOS_DEPLOYMENT_TARGET = 14.0;
				LD_RUNPATH_SEARCH_PATHS = (
					"$(inherited)",
					"@executable_path/Frameworks",
					"@loader_path/Frameworks",
				);
				PRODUCT_BUNDLE_IDENTIFIER = com.miramookerjee.raddishTests;
				PRODUCT_NAME = "$(TARGET_NAME)";
				SWIFT_VERSION = 5.0;
				TARGETED_DEVICE_FAMILY = "1,2";
				TEST_HOST = "$(BUILT_PRODUCTS_DIR)/raddish.app/raddish";
			};
			name = Debug;
		};
		06EAD2E5273A0BC0004E1928 /* Release */ = {
			isa = XCBuildConfiguration;
			buildSettings = {
				ALWAYS_EMBED_SWIFT_STANDARD_LIBRARIES = YES;
				BUNDLE_LOADER = "$(TEST_HOST)";
				CODE_SIGN_STYLE = Automatic;
				INFOPLIST_FILE = raddishTests/Info.plist;
				IPHONEOS_DEPLOYMENT_TARGET = 14.0;
				LD_RUNPATH_SEARCH_PATHS = (
					"$(inherited)",
					"@executable_path/Frameworks",
					"@loader_path/Frameworks",
				);
				PRODUCT_BUNDLE_IDENTIFIER = com.miramookerjee.raddishTests;
				PRODUCT_NAME = "$(TARGET_NAME)";
				SWIFT_VERSION = 5.0;
				TARGETED_DEVICE_FAMILY = "1,2";
				TEST_HOST = "$(BUILT_PRODUCTS_DIR)/raddish.app/raddish";
			};
			name = Release;
		};
		06EAD2E7273A0BC0004E1928 /* Debug */ = {
			isa = XCBuildConfiguration;
			buildSettings = {
				ALWAYS_EMBED_SWIFT_STANDARD_LIBRARIES = YES;
				CODE_SIGN_STYLE = Automatic;
				INFOPLIST_FILE = raddishUITests/Info.plist;
				LD_RUNPATH_SEARCH_PATHS = (
					"$(inherited)",
					"@executable_path/Frameworks",
					"@loader_path/Frameworks",
				);
				PRODUCT_BUNDLE_IDENTIFIER = com.miramookerjee.raddishUITests;
				PRODUCT_NAME = "$(TARGET_NAME)";
				SWIFT_VERSION = 5.0;
				TARGETED_DEVICE_FAMILY = "1,2";
				TEST_TARGET_NAME = raddish;
			};
			name = Debug;
		};
		06EAD2E8273A0BC0004E1928 /* Release */ = {
			isa = XCBuildConfiguration;
			buildSettings = {
				ALWAYS_EMBED_SWIFT_STANDARD_LIBRARIES = YES;
				CODE_SIGN_STYLE = Automatic;
				INFOPLIST_FILE = raddishUITests/Info.plist;
				LD_RUNPATH_SEARCH_PATHS = (
					"$(inherited)",
					"@executable_path/Frameworks",
					"@loader_path/Frameworks",
				);
				PRODUCT_BUNDLE_IDENTIFIER = com.miramookerjee.raddishUITests;
				PRODUCT_NAME = "$(TARGET_NAME)";
				SWIFT_VERSION = 5.0;
				TARGETED_DEVICE_FAMILY = "1,2";
				TEST_TARGET_NAME = raddish;
			};
			name = Release;
		};
/* End XCBuildConfiguration section */

/* Begin XCConfigurationList section */
		06EAD2B1273A0BBF004E1928 /* Build configuration list for PBXProject "raddish" */ = {
			isa = XCConfigurationList;
			buildConfigurations = (
				06EAD2DE273A0BC0004E1928 /* Debug */,
				06EAD2DF273A0BC0004E1928 /* Release */,
			);
			defaultConfigurationIsVisible = 0;
			defaultConfigurationName = Release;
		};
		06EAD2E0273A0BC0004E1928 /* Build configuration list for PBXNativeTarget "raddish" */ = {
			isa = XCConfigurationList;
			buildConfigurations = (
				06EAD2E1273A0BC0004E1928 /* Debug */,
				06EAD2E2273A0BC0004E1928 /* Release */,
			);
			defaultConfigurationIsVisible = 0;
			defaultConfigurationName = Release;
		};
		06EAD2E3273A0BC0004E1928 /* Build configuration list for PBXNativeTarget "raddishTests" */ = {
			isa = XCConfigurationList;
			buildConfigurations = (
				06EAD2E4273A0BC0004E1928 /* Debug */,
				06EAD2E5273A0BC0004E1928 /* Release */,
			);
			defaultConfigurationIsVisible = 0;
			defaultConfigurationName = Release;
		};
		06EAD2E6273A0BC0004E1928 /* Build configuration list for PBXNativeTarget "raddishUITests" */ = {
			isa = XCConfigurationList;
			buildConfigurations = (
				06EAD2E7273A0BC0004E1928 /* Debug */,
				06EAD2E8273A0BC0004E1928 /* Release */,
			);
			defaultConfigurationIsVisible = 0;
			defaultConfigurationName = Release;
		};
/* End XCConfigurationList section */

/* Begin XCVersionGroup section */
		06EAD2C4273A0BC0004E1928 /* raddish.xcdatamodeld */ = {
			isa = XCVersionGroup;
			children = (
				06EAD2C5273A0BC0004E1928 /* raddish.xcdatamodel */,
			);
			currentVersion = 06EAD2C5273A0BC0004E1928 /* raddish.xcdatamodel */;
			path = raddish.xcdatamodeld;
			sourceTree = "<group>";
			versionGroupType = wrapper.xcdatamodel;
		};
/* End XCVersionGroup section */
	};
	rootObject = 06EAD2AE273A0BBF004E1928 /* Project object */;
}
